
Microsoft Visual Studio Solution File, Format Version 12.00
# Visual Studio Version 16
VisualStudioVersion = 16.0.29326.143
MinimumVisualStudioVersion = 10.0.40219.1
Project("{2150E333-8FDC-42A3-9474-1A3956D46DE8}") = "01 - Application", "01 - Application", "{1A2061F6-CA8D-4FA0-BFD1-F9D99FE6EDF2}"
EndProject
Project("{2150E333-8FDC-42A3-9474-1A3956D46DE8}") = "02 - Domain", "02 - Domain", "{028F3DED-8BE4-4DB6-AC55-AB1AFFA04DF7}"
EndProject
Project("{2150E333-8FDC-42A3-9474-1A3956D46DE8}") = "03 - Infrastructure", "03 - Infrastructure", "{FE12987B-1CFA-47C8-97A9-BC9104B4A9D2}"
EndProject
Project("{9A19103F-16F7-4668-BE54-9A1E7A4F7556}") = "Friends.Domain.Test", "tests\Friends.Domain.Test\Friends.Domain.Test.csproj", "{B48C1717-6F1C-45BC-9A87-404AD50417CA}"
EndProject
Project("{9A19103F-16F7-4668-BE54-9A1E7A4F7556}") = "Friends.Repository.Database.Test", "tests\Friends.Repository.Database.Test\Friends.Repository.Database.Test.csproj", "{4B0495DB-BDD7-4D51-8E7B-2C08123DB10D}"
EndProject
Project("{2150E333-8FDC-42A3-9474-1A3956D46DE8}") = "Service", "Service", "{176B8A52-9790-43F1-BB16-FF95832FAF9E}"
EndProject
Project("{2150E333-8FDC-42A3-9474-1A3956D46DE8}") = "src", "src", "{359CE5F1-3232-4591-AD6B-C691E0B10DA7}"
EndProject
Project("{2150E333-8FDC-42A3-9474-1A3956D46DE8}") = "Identity", "Identity", "{010B7A3D-4ACB-4D81-B229-78795E70206D}"
EndProject
Project("{2150E333-8FDC-42A3-9474-1A3956D46DE8}") = "docs", "docs", "{941036BB-6923-4322-8814-DCE1DAC57C37}"
EndProject
Project("{2150E333-8FDC-42A3-9474-1A3956D46DE8}") = "tests", "tests", "{BD29A671-E6E1-4388-BC01-884BCD455AFF}"
EndProject
Project("{9A19103F-16F7-4668-BE54-9A1E7A4F7556}") = "Friends.API", "src\API\Friends.API\Friends.API.csproj", "{55880F2D-7801-4178-A20F-E25D9F8AC54B}"
EndProject
Project("{9A19103F-16F7-4668-BE54-9A1E7A4F7556}") = "Friends.Domain", "src\API\Friends.Domain\Friends.Domain.csproj", "{F4F0D82E-8EA0-458E-876A-4900C9CE56FA}"
EndProject
Project("{9A19103F-16F7-4668-BE54-9A1E7A4F7556}") = "Friends.Repository.Database", "src\API\Friends.Repository.Database\Friends.Repository.Database.csproj", "{47A258D4-5641-4987-8611-73CBEA51A85F}"
EndProject
Project("{9A19103F-16F7-4668-BE54-9A1E7A4F7556}") = "Friends.Identity", "src\Identity\Friends.Identity\Friends.Identity.csproj", "{A8528BCA-D2B6-472A-92CF-D92395243818}"
EndProject
Global
	GlobalSection(SolutionConfigurationPlatforms) = preSolution
		Debug|Any CPU = Debug|Any CPU
		Release|Any CPU = Release|Any CPU
	EndGlobalSection
	GlobalSection(ProjectConfigurationPlatforms) = postSolution
		{B48C1717-6F1C-45BC-9A87-404AD50417CA}.Debug|Any CPU.ActiveCfg = Debug|Any CPU
		{B48C1717-6F1C-45BC-9A87-404AD50417CA}.Debug|Any CPU.Build.0 = Debug|Any CPU
		{B48C1717-6F1C-45BC-9A87-404AD50417CA}.Release|Any CPU.ActiveCfg = Release|Any CPU
		{B48C1717-6F1C-45BC-9A87-404AD50417CA}.Release|Any CPU.Build.0 = Release|Any CPU
		{4B0495DB-BDD7-4D51-8E7B-2C08123DB10D}.Debug|Any CPU.ActiveCfg = Debug|Any CPU
		{4B0495DB-BDD7-4D51-8E7B-2C08123DB10D}.Debug|Any CPU.Build.0 = Debug|Any CPU
		{4B0495DB-BDD7-4D51-8E7B-2C08123DB10D}.Release|Any CPU.ActiveCfg = Release|Any CPU
		{4B0495DB-BDD7-4D51-8E7B-2C08123DB10D}.Release|Any CPU.Build.0 = Release|Any CPU
		{55880F2D-7801-4178-A20F-E25D9F8AC54B}.Debug|Any CPU.ActiveCfg = Debug|Any CPU
		{55880F2D-7801-4178-A20F-E25D9F8AC54B}.Debug|Any CPU.Build.0 = Debug|Any CPU
		{55880F2D-7801-4178-A20F-E25D9F8AC54B}.Release|Any CPU.ActiveCfg = Release|Any CPU
		{55880F2D-7801-4178-A20F-E25D9F8AC54B}.Release|Any CPU.Build.0 = Release|Any CPU
		{F4F0D82E-8EA0-458E-876A-4900C9CE56FA}.Debug|Any CPU.ActiveCfg = Debug|Any CPU
		{F4F0D82E-8EA0-458E-876A-4900C9CE56FA}.Debug|Any CPU.Build.0 = Debug|Any CPU
		{F4F0D82E-8EA0-458E-876A-4900C9CE56FA}.Release|Any CPU.ActiveCfg = Release|Any CPU
		{F4F0D82E-8EA0-458E-876A-4900C9CE56FA}.Release|Any CPU.Build.0 = Release|Any CPU
		{47A258D4-5641-4987-8611-73CBEA51A85F}.Debug|Any CPU.ActiveCfg = Debug|Any CPU
		{47A258D4-5641-4987-8611-73CBEA51A85F}.Debug|Any CPU.Build.0 = Debug|Any CPU
		{47A258D4-5641-4987-8611-73CBEA51A85F}.Release|Any CPU.ActiveCfg = Release|Any CPU
		{47A258D4-5641-4987-8611-73CBEA51A85F}.Release|Any CPU.Build.0 = Release|Any CPU
		{A8528BCA-D2B6-472A-92CF-D92395243818}.Debug|Any CPU.ActiveCfg = Debug|Any CPU
		{A8528BCA-D2B6-472A-92CF-D92395243818}.Debug|Any CPU.Build.0 = Debug|Any CPU
		{A8528BCA-D2B6-472A-92CF-D92395243818}.Release|Any CPU.ActiveCfg = Release|Any CPU
		{A8528BCA-D2B6-472A-92CF-D92395243818}.Release|Any CPU.Build.0 = Release|Any CPU
	EndGlobalSection
	GlobalSection(SolutionProperties) = preSolution
		HideSolutionNode = FALSE
	EndGlobalSection
	GlobalSection(NestedProjects) = preSolution
		{1A2061F6-CA8D-4FA0-BFD1-F9D99FE6EDF2} = {176B8A52-9790-43F1-BB16-FF95832FAF9E}
		{028F3DED-8BE4-4DB6-AC55-AB1AFFA04DF7} = {176B8A52-9790-43F1-BB16-FF95832FAF9E}
		{FE12987B-1CFA-47C8-97A9-BC9104B4A9D2} = {176B8A52-9790-43F1-BB16-FF95832FAF9E}
		{B48C1717-6F1C-45BC-9A87-404AD50417CA} = {BD29A671-E6E1-4388-BC01-884BCD455AFF}
		{4B0495DB-BDD7-4D51-8E7B-2C08123DB10D} = {BD29A671-E6E1-4388-BC01-884BCD455AFF}
		{176B8A52-9790-43F1-BB16-FF95832FAF9E} = {359CE5F1-3232-4591-AD6B-C691E0B10DA7}
		{010B7A3D-4ACB-4D81-B229-78795E70206D} = {359CE5F1-3232-4591-AD6B-C691E0B10DA7}
		{55880F2D-7801-4178-A20F-E25D9F8AC54B} = {1A2061F6-CA8D-4FA0-BFD1-F9D99FE6EDF2}
		{F4F0D82E-8EA0-458E-876A-4900C9CE56FA} = {028F3DED-8BE4-4DB6-AC55-AB1AFFA04DF7}
		{47A258D4-5641-4987-8611-73CBEA51A85F} = {FE12987B-1CFA-47C8-97A9-BC9104B4A9D2}
		{A8528BCA-D2B6-472A-92CF-D92395243818} = {010B7A3D-4ACB-4D81-B229-78795E70206D}
	EndGlobalSection
	GlobalSection(ExtensibilityGlobals) = postSolution
		SolutionGuid = {BD2923CC-149A-4094-9822-55CE9490440D}
	EndGlobalSection
EndGlobal
